
Microsoft Visual Studio Solution File, Format Version 12.00
# Visual Studio Version 17
VisualStudioVersion = 17.9.34728.123
MinimumVisualStudioVersion = 10.0.40219.1
Project("{9A19103F-16F7-4668-BE54-9A1E7A4F7556}") = "Parqueos_Br", "Parqueos_Br\Parqueos_Br.csproj", "{9C67ED8A-7F68-40BD-8B8C-53120524EFA6}"
EndProject
Project("{9A19103F-16F7-4668-BE54-9A1E7A4F7556}") = "Database", "Database\Database.csproj", "{ABF5D0D5-6C41-4A13-8D16-A9C29FAB8EA5}"
EndProject
Project("{9A19103F-16F7-4668-BE54-9A1E7A4F7556}") = "Application", "Application\Application.csproj", "{F9826EBA-DFC5-4EDF-8DF9-349D64EB1C79}"
EndProject
Global
	GlobalSection(SolutionConfigurationPlatforms) = preSolution
		Debug|Any CPU = Debug|Any CPU
		Release|Any CPU = Release|Any CPU
	EndGlobalSection
	GlobalSection(ProjectConfigurationPlatforms) = postSolution
		{9C67ED8A-7F68-40BD-8B8C-53120524EFA6}.Debug|Any CPU.ActiveCfg = Debug|Any CPU
		{9C67ED8A-7F68-40BD-8B8C-53120524EFA6}.Debug|Any CPU.Build.0 = Debug|Any CPU
		{9C67ED8A-7F68-40BD-8B8C-53120524EFA6}.Release|Any CPU.ActiveCfg = Release|Any CPU
		{9C67ED8A-7F68-40BD-8B8C-53120524EFA6}.Release|Any CPU.Build.0 = Release|Any CPU
		{ABF5D0D5-6C41-4A13-8D16-A9C29FAB8EA5}.Debug|Any CPU.ActiveCfg = Debug|Any CPU
		{ABF5D0D5-6C41-4A13-8D16-A9C29FAB8EA5}.Debug|Any CPU.Build.0 = Debug|Any CPU
		{ABF5D0D5-6C41-4A13-8D16-A9C29FAB8EA5}.Release|Any CPU.ActiveCfg = Release|Any CPU
		{ABF5D0D5-6C41-4A13-8D16-A9C29FAB8EA5}.Release|Any CPU.Build.0 = Release|Any CPU
		{F9826EBA-DFC5-4EDF-8DF9-349D64EB1C79}.Debug|Any CPU.ActiveCfg = Debug|Any CPU
		{F9826EBA-DFC5-4EDF-8DF9-349D64EB1C79}.Debug|Any CPU.Build.0 = Debug|Any CPU
		{F9826EBA-DFC5-4EDF-8DF9-349D64EB1C79}.Release|Any CPU.ActiveCfg = Release|Any CPU
		{F9826EBA-DFC5-4EDF-8DF9-349D64EB1C79}.Release|Any CPU.Build.0 = Release|Any CPU
	EndGlobalSection
	GlobalSection(SolutionProperties) = preSolution
		HideSolutionNode = FALSE
	EndGlobalSection
	GlobalSection(ExtensibilityGlobals) = postSolution
		SolutionGuid = {3714FEF8-D664-4E34-81A1-6406BAD3D692}
	EndGlobalSection
EndGlobal
